
Microsoft Visual Studio Solution File, Format Version 12.00
# Visual Studio Version 17
VisualStudioVersion = 17.14.36429.23
MinimumVisualStudioVersion = 10.0.40219.1
Project("{FAE04EC0-301F-11D3-BF4B-00C04F79EFBC}") = "Messaging.Library", "Messaging.Library\Messaging.Library.csproj", "{96AD544E-843D-485E-9F8C-876E813A35F8}"
EndProject
Project("{FAE04EC0-301F-11D3-BF4B-00C04F79EFBC}") = "Messaging.Tests", "Tests\Messaging.Tests\Messaging.Tests.csproj", "{CF51E5D4-7796-4C1C-BB0C-42ACB2A14DD4}"
EndProject
Project("{2150E333-8FDC-42A3-9474-1A3956D46DE8}") = "Tests", "Tests", "{02EA681E-C7D8-13C7-8484-4AC65E1B71E8}"
EndProject
Project("{FAE04EC0-301F-11D3-BF4B-00C04F79EFBC}") = "Messaging.Console.App", "Messaging.Console.App\Messaging.Console.App.csproj", "{1E5800E9-33D2-41CF-BEA4-69EE6E75E39A}"
EndProject
Project("{2150E333-8FDC-42A3-9474-1A3956D46DE8}") = "Solution Items", "Solution Items", "{493C198A-4000-4051-BFA6-54FA6C24CF68}"
	ProjectSection(SolutionItems) = preProject
		..\..\README.md = ..\..\README.md
	EndProjectSection
EndProject
Project("{FAE04EC0-301F-11D3-BF4B-00C04F79EFBC}") = "Messaging.WebApi", "Messaging.WebApi\Messaging.WebApi.csproj", "{37A1DB03-A18A-83BF-F612-8C65BE857ED1}"
EndProject
Project("{FAE04EC0-301F-11D3-BF4B-00C04F79EFBC}") = "Messaging.AppHost", "Messaging.AppHost\Messaging.AppHost.csproj", "{C3E79252-55DE-4590-B68A-A0B8CDF55E50}"
EndProject
Project("{FAE04EC0-301F-11D3-BF4B-00C04F79EFBC}") = "Messaging.ServiceDefaults", "Messaging.ServiceDefaults\Messaging.ServiceDefaults.csproj", "{9124F687-306C-89E8-CDB7-AFE0E21680B4}"
EndProject
Project("{2150E333-8FDC-42A3-9474-1A3956D46DE8}") = "Aspire", "Aspire", "{BDAB88CD-7A38-424A-B555-AE847C9C01E4}"
EndProject
Global
	GlobalSection(SolutionConfigurationPlatforms) = preSolution
		Debug|Any CPU = Debug|Any CPU
		Release|Any CPU = Release|Any CPU
	EndGlobalSection
	GlobalSection(ProjectConfigurationPlatforms) = postSolution
		{96AD544E-843D-485E-9F8C-876E813A35F8}.Debug|Any CPU.ActiveCfg = Debug|Any CPU
		{96AD544E-843D-485E-9F8C-876E813A35F8}.Debug|Any CPU.Build.0 = Debug|Any CPU
		{96AD544E-843D-485E-9F8C-876E813A35F8}.Release|Any CPU.ActiveCfg = Release|Any CPU
		{96AD544E-843D-485E-9F8C-876E813A35F8}.Release|Any CPU.Build.0 = Release|Any CPU
		{CF51E5D4-7796-4C1C-BB0C-42ACB2A14DD4}.Debug|Any CPU.ActiveCfg = Debug|Any CPU
		{CF51E5D4-7796-4C1C-BB0C-42ACB2A14DD4}.Debug|Any CPU.Build.0 = Debug|Any CPU
		{CF51E5D4-7796-4C1C-BB0C-42ACB2A14DD4}.Release|Any CPU.ActiveCfg = Release|Any CPU
		{CF51E5D4-7796-4C1C-BB0C-42ACB2A14DD4}.Release|Any CPU.Build.0 = Release|Any CPU
		{1E5800E9-33D2-41CF-BEA4-69EE6E75E39A}.Debug|Any CPU.ActiveCfg = Debug|Any CPU
		{1E5800E9-33D2-41CF-BEA4-69EE6E75E39A}.Debug|Any CPU.Build.0 = Debug|Any CPU
		{1E5800E9-33D2-41CF-BEA4-69EE6E75E39A}.Release|Any CPU.ActiveCfg = Release|Any CPU
		{1E5800E9-33D2-41CF-BEA4-69EE6E75E39A}.Release|Any CPU.Build.0 = Release|Any CPU
		{37A1DB03-A18A-83BF-F612-8C65BE857ED1}.Debug|Any CPU.ActiveCfg = Debug|Any CPU
		{37A1DB03-A18A-83BF-F612-8C65BE857ED1}.Debug|Any CPU.Build.0 = Debug|Any CPU
		{37A1DB03-A18A-83BF-F612-8C65BE857ED1}.Release|Any CPU.ActiveCfg = Release|Any CPU
		{37A1DB03-A18A-83BF-F612-8C65BE857ED1}.Release|Any CPU.Build.0 = Release|Any CPU
		{C3E79252-55DE-4590-B68A-A0B8CDF55E50}.Debug|Any CPU.ActiveCfg = Debug|Any CPU
		{C3E79252-55DE-4590-B68A-A0B8CDF55E50}.Debug|Any CPU.Build.0 = Debug|Any CPU
		{C3E79252-55DE-4590-B68A-A0B8CDF55E50}.Release|Any CPU.ActiveCfg = Release|Any CPU
		{C3E79252-55DE-4590-B68A-A0B8CDF55E50}.Release|Any CPU.Build.0 = Release|Any CPU
		{9124F687-306C-89E8-CDB7-AFE0E21680B4}.Debug|Any CPU.ActiveCfg = Debug|Any CPU
		{9124F687-306C-89E8-CDB7-AFE0E21680B4}.Debug|Any CPU.Build.0 = Debug|Any CPU
		{9124F687-306C-89E8-CDB7-AFE0E21680B4}.Release|Any CPU.ActiveCfg = Release|Any CPU
		{9124F687-306C-89E8-CDB7-AFE0E21680B4}.Release|Any CPU.Build.0 = Release|Any CPU
	EndGlobalSection
	GlobalSection(SolutionProperties) = preSolution
		HideSolutionNode = FALSE
	EndGlobalSection
	GlobalSection(NestedProjects) = preSolution
		{CF51E5D4-7796-4C1C-BB0C-42ACB2A14DD4} = {02EA681E-C7D8-13C7-8484-4AC65E1B71E8}
		{C3E79252-55DE-4590-B68A-A0B8CDF55E50} = {BDAB88CD-7A38-424A-B555-AE847C9C01E4}
		{9124F687-306C-89E8-CDB7-AFE0E21680B4} = {BDAB88CD-7A38-424A-B555-AE847C9C01E4}
	EndGlobalSection
	GlobalSection(ExtensibilityGlobals) = postSolution
		SolutionGuid = {9B159EEC-F23D-4D42-BA3B-BE096CC2C460}
	EndGlobalSection
EndGlobal
